
Microsoft Visual Studio Solution File, Format Version 12.00
# Visual Studio Version 17
VisualStudioVersion = 17.12.35514.174
MinimumVisualStudioVersion = 10.0.40219.1
Project("{888888A0-9F3D-457C-B088-3A5042F75D52}") = "KitaTrader", "KitaTrader.pyproj", "{636CF776-2A26-42CE-B92C-AD2DB37C2232}"
EndProject
Project("{FAE04EC0-301F-11D3-BF4B-00C04F79EFBC}") = "NinjaFiles", "BrokerProvider\NinjaFiles\NinjaFiles.csproj", "{8FE6D34A-C4E4-4898-97D0-BA87B7DF1052}"
EndProject
Global
	GlobalSection(SolutionConfigurationPlatforms) = preSolution
		Debug|Any CPU = Debug|Any CPU
		Release|Any CPU = Release|Any CPU
	EndGlobalSection
	GlobalSection(ProjectConfigurationPlatforms) = postSolution
		{636CF776-2A26-42CE-B92C-AD2DB37C2232}.Debug|Any CPU.ActiveCfg = Debug|Any CPU
		{636CF776-2A26-42CE-B92C-AD2DB37C2232}.Release|Any CPU.ActiveCfg = Release|Any CPU
		{8FE6D34A-C4E4-4898-97D0-BA87B7DF1052}.Debug|Any CPU.ActiveCfg = Debug|Any CPU
		{8FE6D34A-C4E4-4898-97D0-BA87B7DF1052}.Debug|Any CPU.Build.0 = Debug|Any CPU
		{8FE6D34A-C4E4-4898-97D0-BA87B7DF1052}.Release|Any CPU.ActiveCfg = Release|Any CPU
		{8FE6D34A-C4E4-4898-97D0-BA87B7DF1052}.Release|Any CPU.Build.0 = Release|Any CPU
	EndGlobalSection
	GlobalSection(SolutionProperties) = preSolution
		HideSolutionNode = FALSE
	EndGlobalSection
EndGlobal
